// !$*UTF8*$!
{
	archiveVersion = 1;
	classes = {
	};
	objectVersion = 56;
	objects = {

/* Begin PBXBuildFile section */
		A909BB712A2CF82D002EBD62 /* Cell.swift in Sources */ = {isa = PBXBuildFile; fileRef = A909BB702A2CF82D002EBD62 /* Cell.swift */; };
		A91E66512A1E0DCC0077D8FD /* UpdateUserViewController.swift in Sources */ = {isa = PBXBuildFile; fileRef = A91E66502A1E0DCC0077D8FD /* UpdateUserViewController.swift */; };
		A92AB27A2A01B8AC000CFF29 /* DetailViewController.swift in Sources */ = {isa = PBXBuildFile; fileRef = A92AB2792A01B8AC000CFF29 /* DetailViewController.swift */; };
		A92AB27C2A024F6E000CFF29 /* CoreNettworkManager.swift in Sources */ = {isa = PBXBuildFile; fileRef = A92AB27B2A024F6E000CFF29 /* CoreNettworkManager.swift */; };
		A92AB27E2A024FD5000CFF29 /* NetworkHelpers.swift in Sources */ = {isa = PBXBuildFile; fileRef = A92AB27D2A024FD5000CFF29 /* NetworkHelpers.swift */; };
		A961B3932A1576C70081A824 /* FetchFavoritesResponse.swift in Sources */ = {isa = PBXBuildFile; fileRef = A961B3922A1576C70081A824 /* FetchFavoritesResponse.swift */; };
		A961B3952A1576FD0081A824 /* FetchQueryResponse.swift in Sources */ = {isa = PBXBuildFile; fileRef = A961B3942A1576FD0081A824 /* FetchQueryResponse.swift */; };
		A961B3972A15772C0081A824 /* AddFavoriteResponse.swift in Sources */ = {isa = PBXBuildFile; fileRef = A961B3962A15772C0081A824 /* AddFavoriteResponse.swift */; };
		A961B3992A15776A0081A824 /* AddQueryResponse.swift in Sources */ = {isa = PBXBuildFile; fileRef = A961B3982A15776A0081A824 /* AddQueryResponse.swift */; };
		A961B39B2A1577FF0081A824 /* RegisterResponse.swift in Sources */ = {isa = PBXBuildFile; fileRef = A961B39A2A1577FF0081A824 /* RegisterResponse.swift */; };
		A961B39F2A17A7E10081A824 /* CoreDataManager.swift in Sources */ = {isa = PBXBuildFile; fileRef = A961B39E2A17A7E10081A824 /* CoreDataManager.swift */; };
		A961B3A12A17A81D0081A824 /* UserModel.swift in Sources */ = {isa = PBXBuildFile; fileRef = A961B3A02A17A81D0081A824 /* UserModel.swift */; };
		A961B3A72A17AB120081A824 /* User.xcdatamodeld in Sources */ = {isa = PBXBuildFile; fileRef = A961B3A52A17AB120081A824 /* User.xcdatamodeld */; };
		A961B3A92A17B27C0081A824 /* HasLoggedIn.swift in Sources */ = {isa = PBXBuildFile; fileRef = A961B3A82A17B27C0081A824 /* HasLoggedIn.swift */; };
		A961B3AB2A180EC70081A824 /* MailResponse.swift in Sources */ = {isa = PBXBuildFile; fileRef = A961B3AA2A180EC70081A824 /* MailResponse.swift */; };
		A9A596102A1D082600694785 /* UpdateHelperViewController.swift in Sources */ = {isa = PBXBuildFile; fileRef = A9A5960F2A1D082600694785 /* UpdateHelperViewController.swift */; };
		A9B4575929FEA8070069432E /* AppDelegate.swift in Sources */ = {isa = PBXBuildFile; fileRef = A9B4575829FEA8070069432E /* AppDelegate.swift */; };
		A9B4575B29FEA8070069432E /* SceneDelegate.swift in Sources */ = {isa = PBXBuildFile; fileRef = A9B4575A29FEA8070069432E /* SceneDelegate.swift */; };
		A9B4575D29FEA8070069432E /* ViewController.swift in Sources */ = {isa = PBXBuildFile; fileRef = A9B4575C29FEA8070069432E /* ViewController.swift */; };
		A9B4576029FEA8070069432E /* Main.storyboard in Resources */ = {isa = PBXBuildFile; fileRef = A9B4575E29FEA8070069432E /* Main.storyboard */; };
		A9B4576229FEA8080069432E /* Assets.xcassets in Resources */ = {isa = PBXBuildFile; fileRef = A9B4576129FEA8080069432E /* Assets.xcassets */; };
		A9B4576529FEA8080069432E /* LaunchScreen.storyboard in Resources */ = {isa = PBXBuildFile; fileRef = A9B4576329FEA8080069432E /* LaunchScreen.storyboard */; };
		A9B4577329FEA8ED0069432E /* LoginViewController.swift in Sources */ = {isa = PBXBuildFile; fileRef = A9B4577229FEA8ED0069432E /* LoginViewController.swift */; };
		A9B4577729FEA9110069432E /* MapViewController.swift in Sources */ = {isa = PBXBuildFile; fileRef = A9B4577629FEA9110069432E /* MapViewController.swift */; };
		A9B4577929FEA9230069432E /* ProfileViewController.swift in Sources */ = {isa = PBXBuildFile; fileRef = A9B4577829FEA9230069432E /* ProfileViewController.swift */; };
		A9B4577B29FEA94A0069432E /* ProfileViewModel.swift in Sources */ = {isa = PBXBuildFile; fileRef = A9B4577A29FEA94A0069432E /* ProfileViewModel.swift */; };
		A9B4577D29FEA95B0069432E /* MapViewModel.swift in Sources */ = {isa = PBXBuildFile; fileRef = A9B4577C29FEA95B0069432E /* MapViewModel.swift */; };
		A9B4577F29FEA9700069432E /* LoginViewModel.swift in Sources */ = {isa = PBXBuildFile; fileRef = A9B4577E29FEA9700069432E /* LoginViewModel.swift */; };
		A9B4578129FEA9B60069432E /* RegisterViewController.swift in Sources */ = {isa = PBXBuildFile; fileRef = A9B4578029FEA9B60069432E /* RegisterViewController.swift */; };
		A9B4578329FEA9D60069432E /* RegisterViewModel.swift in Sources */ = {isa = PBXBuildFile; fileRef = A9B4578229FEA9D60069432E /* RegisterViewModel.swift */; };
		A9B4578729FEBB5F0069432E /* LocationManager.swift in Sources */ = {isa = PBXBuildFile; fileRef = A9B4578629FEBB5F0069432E /* LocationManager.swift */; };
		A9B4578A2A0146940069432E /* UserHabitsCollectionViewCell.swift in Sources */ = {isa = PBXBuildFile; fileRef = A9B457892A0146940069432E /* UserHabitsCollectionViewCell.swift */; };
		A9B4578C2A0151BB0069432E /* ProfileDataStruct.swift in Sources */ = {isa = PBXBuildFile; fileRef = A9B4578B2A0151BB0069432E /* ProfileDataStruct.swift */; };
		A9B4578F2A0154BC0069432E /* MainTabbar.swift in Sources */ = {isa = PBXBuildFile; fileRef = A9B4578E2A0154BC0069432E /* MainTabbar.swift */; };
		A9BC80AE2A08EA8300260237 /* LoginResponse.swift in Sources */ = {isa = PBXBuildFile; fileRef = A9BC80AD2A08EA8300260237 /* LoginResponse.swift */; };
		A9BEEBE62ACC90D30074A3C5 /* .swiftlint.yml in Resources */ = {isa = PBXBuildFile; fileRef = A9BEEBE52ACC90D30074A3C5 /* .swiftlint.yml */; };
		A9BEEBE92ACC92500074A3C5 /* NetworkManager.swift in Sources */ = {isa = PBXBuildFile; fileRef = A9BEEBE82ACC92500074A3C5 /* NetworkManager.swift */; };
		A9BEEBEC2ACC982B0074A3C5 /* NetworkManagerProtocols.swift in Sources */ = {isa = PBXBuildFile; fileRef = A9BEEBEB2ACC982B0074A3C5 /* NetworkManagerProtocols.swift */; };
		A9C2B7062A35CF8300EEF6EE /* UpdateUserResponse.swift in Sources */ = {isa = PBXBuildFile; fileRef = A9C2B7052A35CF8300EEF6EE /* UpdateUserResponse.swift */; };
		A9C2B7082A35CFF600EEF6EE /* UpdateHelperResponse.swift in Sources */ = {isa = PBXBuildFile; fileRef = A9C2B7072A35CFF600EEF6EE /* UpdateHelperResponse.swift */; };
		A9C2B70A2A35D06000EEF6EE /* PopularResponse.swift in Sources */ = {isa = PBXBuildFile; fileRef = A9C2B7092A35D06000EEF6EE /* PopularResponse.swift */; };
		CE3DC03BC4DC9174E57A7F80 /* Pods_Unhindered_Steps.framework in Frameworks */ = {isa = PBXBuildFile; fileRef = 351A0FD859BAA52282EEB63A /* Pods_Unhindered_Steps.framework */; };
/* End PBXBuildFile section */

/* Begin PBXFileReference section */
		351A0FD859BAA52282EEB63A /* Pods_Unhindered_Steps.framework */ = {isa = PBXFileReference; explicitFileType = wrapper.framework; includeInIndex = 0; path = Pods_Unhindered_Steps.framework; sourceTree = BUILT_PRODUCTS_DIR; };
		A64F02E399A433F4A81BBDB7 /* Pods-Unhindered Steps.release.xcconfig */ = {isa = PBXFileReference; includeInIndex = 1; lastKnownFileType = text.xcconfig; name = "Pods-Unhindered Steps.release.xcconfig"; path = "Target Support Files/Pods-Unhindered Steps/Pods-Unhindered Steps.release.xcconfig"; sourceTree = "<group>"; };
		A909BB702A2CF82D002EBD62 /* Cell.swift */ = {isa = PBXFileReference; lastKnownFileType = sourcecode.swift; path = Cell.swift; sourceTree = "<group>"; };
		A91E66502A1E0DCC0077D8FD /* UpdateUserViewController.swift */ = {isa = PBXFileReference; lastKnownFileType = sourcecode.swift; path = UpdateUserViewController.swift; sourceTree = "<group>"; };
		A92AB2792A01B8AC000CFF29 /* DetailViewController.swift */ = {isa = PBXFileReference; lastKnownFileType = sourcecode.swift; path = DetailViewController.swift; sourceTree = "<group>"; };
		A92AB27B2A024F6E000CFF29 /* CoreNettworkManager.swift */ = {isa = PBXFileReference; lastKnownFileType = sourcecode.swift; path = CoreNettworkManager.swift; sourceTree = "<group>"; };
		A92AB27D2A024FD5000CFF29 /* NetworkHelpers.swift */ = {isa = PBXFileReference; lastKnownFileType = sourcecode.swift; path = NetworkHelpers.swift; sourceTree = "<group>"; };
		A961B3922A1576C70081A824 /* FetchFavoritesResponse.swift */ = {isa = PBXFileReference; lastKnownFileType = sourcecode.swift; path = FetchFavoritesResponse.swift; sourceTree = "<group>"; };
		A961B3942A1576FD0081A824 /* FetchQueryResponse.swift */ = {isa = PBXFileReference; lastKnownFileType = sourcecode.swift; path = FetchQueryResponse.swift; sourceTree = "<group>"; };
		A961B3962A15772C0081A824 /* AddFavoriteResponse.swift */ = {isa = PBXFileReference; lastKnownFileType = sourcecode.swift; path = AddFavoriteResponse.swift; sourceTree = "<group>"; };
		A961B3982A15776A0081A824 /* AddQueryResponse.swift */ = {isa = PBXFileReference; lastKnownFileType = sourcecode.swift; path = AddQueryResponse.swift; sourceTree = "<group>"; };
		A961B39A2A1577FF0081A824 /* RegisterResponse.swift */ = {isa = PBXFileReference; lastKnownFileType = sourcecode.swift; path = RegisterResponse.swift; sourceTree = "<group>"; };
		A961B39E2A17A7E10081A824 /* CoreDataManager.swift */ = {isa = PBXFileReference; lastKnownFileType = sourcecode.swift; path = CoreDataManager.swift; sourceTree = "<group>"; };
		A961B3A02A17A81D0081A824 /* UserModel.swift */ = {isa = PBXFileReference; lastKnownFileType = sourcecode.swift; path = UserModel.swift; sourceTree = "<group>"; };
		A961B3A62A17AB120081A824 /* User.xcdatamodel */ = {isa = PBXFileReference; lastKnownFileType = wrapper.xcdatamodel; path = User.xcdatamodel; sourceTree = "<group>"; };
		A961B3A82A17B27C0081A824 /* HasLoggedIn.swift */ = {isa = PBXFileReference; lastKnownFileType = sourcecode.swift; path = HasLoggedIn.swift; sourceTree = "<group>"; };
		A961B3AA2A180EC70081A824 /* MailResponse.swift */ = {isa = PBXFileReference; lastKnownFileType = sourcecode.swift; path = MailResponse.swift; sourceTree = "<group>"; };
		A9A5960F2A1D082600694785 /* UpdateHelperViewController.swift */ = {isa = PBXFileReference; lastKnownFileType = sourcecode.swift; path = UpdateHelperViewController.swift; sourceTree = "<group>"; };
		A9B4575529FEA8070069432E /* Unhindered Steps.app */ = {isa = PBXFileReference; explicitFileType = wrapper.application; includeInIndex = 0; path = "Unhindered Steps.app"; sourceTree = BUILT_PRODUCTS_DIR; };
		A9B4575829FEA8070069432E /* AppDelegate.swift */ = {isa = PBXFileReference; lastKnownFileType = sourcecode.swift; path = AppDelegate.swift; sourceTree = "<group>"; };
		A9B4575A29FEA8070069432E /* SceneDelegate.swift */ = {isa = PBXFileReference; lastKnownFileType = sourcecode.swift; path = SceneDelegate.swift; sourceTree = "<group>"; };
		A9B4575C29FEA8070069432E /* ViewController.swift */ = {isa = PBXFileReference; lastKnownFileType = sourcecode.swift; path = ViewController.swift; sourceTree = "<group>"; };
		A9B4575F29FEA8070069432E /* Base */ = {isa = PBXFileReference; lastKnownFileType = file.storyboard; name = Base; path = Base.lproj/Main.storyboard; sourceTree = "<group>"; };
		A9B4576129FEA8080069432E /* Assets.xcassets */ = {isa = PBXFileReference; lastKnownFileType = folder.assetcatalog; path = Assets.xcassets; sourceTree = "<group>"; };
		A9B4576429FEA8080069432E /* Base */ = {isa = PBXFileReference; lastKnownFileType = file.storyboard; name = Base; path = Base.lproj/LaunchScreen.storyboard; sourceTree = "<group>"; };
		A9B4576629FEA8080069432E /* Info.plist */ = {isa = PBXFileReference; lastKnownFileType = text.plist.xml; path = Info.plist; sourceTree = "<group>"; };
		A9B4577229FEA8ED0069432E /* LoginViewController.swift */ = {isa = PBXFileReference; lastKnownFileType = sourcecode.swift; path = LoginViewController.swift; sourceTree = "<group>"; };
		A9B4577629FEA9110069432E /* MapViewController.swift */ = {isa = PBXFileReference; lastKnownFileType = sourcecode.swift; path = MapViewController.swift; sourceTree = "<group>"; };
		A9B4577829FEA9230069432E /* ProfileViewController.swift */ = {isa = PBXFileReference; lastKnownFileType = sourcecode.swift; path = ProfileViewController.swift; sourceTree = "<group>"; };
		A9B4577A29FEA94A0069432E /* ProfileViewModel.swift */ = {isa = PBXFileReference; lastKnownFileType = sourcecode.swift; path = ProfileViewModel.swift; sourceTree = "<group>"; };
		A9B4577C29FEA95B0069432E /* MapViewModel.swift */ = {isa = PBXFileReference; lastKnownFileType = sourcecode.swift; path = MapViewModel.swift; sourceTree = "<group>"; };
		A9B4577E29FEA9700069432E /* LoginViewModel.swift */ = {isa = PBXFileReference; lastKnownFileType = sourcecode.swift; path = LoginViewModel.swift; sourceTree = "<group>"; };
		A9B4578029FEA9B60069432E /* RegisterViewController.swift */ = {isa = PBXFileReference; lastKnownFileType = sourcecode.swift; path = RegisterViewController.swift; sourceTree = "<group>"; };
		A9B4578229FEA9D60069432E /* RegisterViewModel.swift */ = {isa = PBXFileReference; lastKnownFileType = sourcecode.swift; path = RegisterViewModel.swift; sourceTree = "<group>"; };
		A9B4578629FEBB5F0069432E /* LocationManager.swift */ = {isa = PBXFileReference; lastKnownFileType = sourcecode.swift; path = LocationManager.swift; sourceTree = "<group>"; };
		A9B457892A0146940069432E /* UserHabitsCollectionViewCell.swift */ = {isa = PBXFileReference; lastKnownFileType = sourcecode.swift; path = UserHabitsCollectionViewCell.swift; sourceTree = "<group>"; };
		A9B4578B2A0151BB0069432E /* ProfileDataStruct.swift */ = {isa = PBXFileReference; lastKnownFileType = sourcecode.swift; path = ProfileDataStruct.swift; sourceTree = "<group>"; };
		A9B4578E2A0154BC0069432E /* MainTabbar.swift */ = {isa = PBXFileReference; lastKnownFileType = sourcecode.swift; path = MainTabbar.swift; sourceTree = "<group>"; };
		A9BC80AD2A08EA8300260237 /* LoginResponse.swift */ = {isa = PBXFileReference; lastKnownFileType = sourcecode.swift; path = LoginResponse.swift; sourceTree = "<group>"; };
		A9BEEBE52ACC90D30074A3C5 /* .swiftlint.yml */ = {isa = PBXFileReference; fileEncoding = 4; lastKnownFileType = text.yaml; path = .swiftlint.yml; sourceTree = "<group>"; };
		A9BEEBE82ACC92500074A3C5 /* NetworkManager.swift */ = {isa = PBXFileReference; lastKnownFileType = sourcecode.swift; path = NetworkManager.swift; sourceTree = "<group>"; };
		A9BEEBEB2ACC982B0074A3C5 /* NetworkManagerProtocols.swift */ = {isa = PBXFileReference; lastKnownFileType = sourcecode.swift; path = NetworkManagerProtocols.swift; sourceTree = "<group>"; };
		A9C2B7052A35CF8300EEF6EE /* UpdateUserResponse.swift */ = {isa = PBXFileReference; lastKnownFileType = sourcecode.swift; path = UpdateUserResponse.swift; sourceTree = "<group>"; };
		A9C2B7072A35CFF600EEF6EE /* UpdateHelperResponse.swift */ = {isa = PBXFileReference; lastKnownFileType = sourcecode.swift; path = UpdateHelperResponse.swift; sourceTree = "<group>"; };
		A9C2B7092A35D06000EEF6EE /* PopularResponse.swift */ = {isa = PBXFileReference; lastKnownFileType = sourcecode.swift; path = PopularResponse.swift; sourceTree = "<group>"; };
		DCF3C275A5220225F465007C /* Pods-Unhindered Steps.debug.xcconfig */ = {isa = PBXFileReference; includeInIndex = 1; lastKnownFileType = text.xcconfig; name = "Pods-Unhindered Steps.debug.xcconfig"; path = "Target Support Files/Pods-Unhindered Steps/Pods-Unhindered Steps.debug.xcconfig"; sourceTree = "<group>"; };
/* End PBXFileReference section */

/* Begin PBXFrameworksBuildPhase section */
		A9B4575229FEA8070069432E /* Frameworks */ = {
			isa = PBXFrameworksBuildPhase;
			buildActionMask = 2147483647;
			files = (
				CE3DC03BC4DC9174E57A7F80 /* Pods_Unhindered_Steps.framework in Frameworks */,
			);
			runOnlyForDeploymentPostprocessing = 0;
		};
/* End PBXFrameworksBuildPhase section */

/* Begin PBXGroup section */
		A909BB6F2A2CF7CF002EBD62 /* Cells */ = {
			isa = PBXGroup;
			children = (
				A909BB702A2CF82D002EBD62 /* Cell.swift */,
				A9B457892A0146940069432E /* UserHabitsCollectionViewCell.swift */,
			);
			path = Cells;
			sourceTree = "<group>";
		};
		A961B39C2A17A7BE0081A824 /* Location */ = {
			isa = PBXGroup;
			children = (
				A9B4578629FEBB5F0069432E /* LocationManager.swift */,
			);
			path = Location;
			sourceTree = "<group>";
		};
		A961B39D2A17A7D20081A824 /* CoreData */ = {
			isa = PBXGroup;
			children = (
				A961B39E2A17A7E10081A824 /* CoreDataManager.swift */,
			);
			name = CoreData;
			sourceTree = "<group>";
		};
		A9B4574C29FEA8070069432E = {
			isa = PBXGroup;
			children = (
				A9BEEBE52ACC90D30074A3C5 /* .swiftlint.yml */,
				A9B4575729FEA8070069432E /* Unhindered Steps */,
				A9B4575629FEA8070069432E /* Products */,
				F1DA289BA19F3718986AF076 /* Pods */,
				A9C81A27563B204C0E204D8D /* Frameworks */,
			);
			sourceTree = "<group>";
		};
		A9B4575629FEA8070069432E /* Products */ = {
			isa = PBXGroup;
			children = (
				A9B4575529FEA8070069432E /* Unhindered Steps.app */,
			);
			name = Products;
			sourceTree = "<group>";
		};
		A9B4575729FEA8070069432E /* Unhindered Steps */ = {
			isa = PBXGroup;
			children = (
				A9B4576C29FEA88C0069432E /* Base */,
				A9B4578829FEBB8B0069432E /* Managers */,
				A9B4578529FEA9F20069432E /* Extensions+Helpers */,
				A9B4578429FEA9E40069432E /* Onboarding */,
				A9B4576D29FEA89F0069432E /* Feature */,
			);
			path = "Unhindered Steps";
			sourceTree = "<group>";
		};
		A9B4576C29FEA88C0069432E /* Base */ = {
			isa = PBXGroup;
			children = (
				A9B4575829FEA8070069432E /* AppDelegate.swift */,
				A9B4575A29FEA8070069432E /* SceneDelegate.swift */,
				A9B4575C29FEA8070069432E /* ViewController.swift */,
				A9B4575E29FEA8070069432E /* Main.storyboard */,
				A9B4576129FEA8080069432E /* Assets.xcassets */,
				A9B4576329FEA8080069432E /* LaunchScreen.storyboard */,
				A9B4576629FEA8080069432E /* Info.plist */,
				A961B3A52A17AB120081A824 /* User.xcdatamodeld */,
				A961B3A82A17B27C0081A824 /* HasLoggedIn.swift */,
			);
			name = Base;
			sourceTree = "<group>";
		};
		A9B4576D29FEA89F0069432E /* Feature */ = {
			isa = PBXGroup;
			children = (
				A9B4576F29FEA8C40069432E /* Model */,
				A9B4577029FEA8CB0069432E /* ViewModel */,
				A9B4577129FEA8D10069432E /* View */,
			);
			name = Feature;
			sourceTree = "<group>";
		};
		A9B4576E29FEA8A90069432E /* Network */ = {
			isa = PBXGroup;
			children = (
				A9BEEBEA2ACC98100074A3C5 /* NetworkManager */,
				A9BEEBE72ACC92350074A3C5 /* Core */,
			);
			name = Network;
			sourceTree = "<group>";
		};
		A9B4576F29FEA8C40069432E /* Model */ = {
			isa = PBXGroup;
			children = (
				A9B4578B2A0151BB0069432E /* ProfileDataStruct.swift */,
				A9BC80AD2A08EA8300260237 /* LoginResponse.swift */,
				A961B3922A1576C70081A824 /* FetchFavoritesResponse.swift */,
				A961B3942A1576FD0081A824 /* FetchQueryResponse.swift */,
				A961B3962A15772C0081A824 /* AddFavoriteResponse.swift */,
				A961B3982A15776A0081A824 /* AddQueryResponse.swift */,
				A961B39A2A1577FF0081A824 /* RegisterResponse.swift */,
				A961B3A02A17A81D0081A824 /* UserModel.swift */,
				A961B3AA2A180EC70081A824 /* MailResponse.swift */,
				A9C2B7052A35CF8300EEF6EE /* UpdateUserResponse.swift */,
				A9C2B7072A35CFF600EEF6EE /* UpdateHelperResponse.swift */,
				A9C2B7092A35D06000EEF6EE /* PopularResponse.swift */,
			);
			name = Model;
			sourceTree = "<group>";
		};
		A9B4577029FEA8CB0069432E /* ViewModel */ = {
			isa = PBXGroup;
			children = (
				A9B4577A29FEA94A0069432E /* ProfileViewModel.swift */,
				A9B4577C29FEA95B0069432E /* MapViewModel.swift */,
				A9B4577E29FEA9700069432E /* LoginViewModel.swift */,
				A9B4578229FEA9D60069432E /* RegisterViewModel.swift */,
			);
			name = ViewModel;
			sourceTree = "<group>";
		};
		A9B4577129FEA8D10069432E /* View */ = {
			isa = PBXGroup;
			children = (
				A9B4578D2A0151EC0069432E /* Login&Register */,
				A9B4577529FEA8FA0069432E /* SubViews */,
				A9B4577629FEA9110069432E /* MapViewController.swift */,
				A9B4577829FEA9230069432E /* ProfileViewController.swift */,
				A92AB2792A01B8AC000CFF29 /* DetailViewController.swift */,
				A9A5960F2A1D082600694785 /* UpdateHelperViewController.swift */,
				A91E66502A1E0DCC0077D8FD /* UpdateUserViewController.swift */,
			);
			name = View;
			sourceTree = "<group>";
		};
		A9B4577529FEA8FA0069432E /* SubViews */ = {
			isa = PBXGroup;
			children = (
				A9B4578E2A0154BC0069432E /* MainTabbar.swift */,
				A909BB6F2A2CF7CF002EBD62 /* Cells */,
			);
			name = SubViews;
			sourceTree = "<group>";
		};
		A9B4578429FEA9E40069432E /* Onboarding */ = {
			isa = PBXGroup;
			children = (
			);
			name = Onboarding;
			sourceTree = "<group>";
		};
		A9B4578529FEA9F20069432E /* Extensions+Helpers */ = {
			isa = PBXGroup;
			children = (
			);
			name = "Extensions+Helpers";
			sourceTree = "<group>";
		};
		A9B4578829FEBB8B0069432E /* Managers */ = {
			isa = PBXGroup;
			children = (
				A961B39D2A17A7D20081A824 /* CoreData */,
				A961B39C2A17A7BE0081A824 /* Location */,
				A9B4576E29FEA8A90069432E /* Network */,
			);
			name = Managers;
			sourceTree = "<group>";
		};
		A9B4578D2A0151EC0069432E /* Login&Register */ = {
			isa = PBXGroup;
			children = (
				A9B4577229FEA8ED0069432E /* LoginViewController.swift */,
				A9B4578029FEA9B60069432E /* RegisterViewController.swift */,
			);
			name = "Login&Register";
			sourceTree = "<group>";
		};
		A9BEEBE72ACC92350074A3C5 /* Core */ = {
			isa = PBXGroup;
			children = (
				A92AB27B2A024F6E000CFF29 /* CoreNettworkManager.swift */,
				A92AB27D2A024FD5000CFF29 /* NetworkHelpers.swift */,
			);
			name = Core;
			sourceTree = "<group>";
		};
		A9BEEBEA2ACC98100074A3C5 /* NetworkManager */ = {
			isa = PBXGroup;
			children = (
				A9BEEBE82ACC92500074A3C5 /* NetworkManager.swift */,
				A9BEEBEB2ACC982B0074A3C5 /* NetworkManagerProtocols.swift */,
			);
			name = NetworkManager;
			sourceTree = "<group>";
		};
		A9C81A27563B204C0E204D8D /* Frameworks */ = {
			isa = PBXGroup;
			children = (
				351A0FD859BAA52282EEB63A /* Pods_Unhindered_Steps.framework */,
			);
			name = Frameworks;
			sourceTree = "<group>";
		};
		F1DA289BA19F3718986AF076 /* Pods */ = {
			isa = PBXGroup;
			children = (
				DCF3C275A5220225F465007C /* Pods-Unhindered Steps.debug.xcconfig */,
				A64F02E399A433F4A81BBDB7 /* Pods-Unhindered Steps.release.xcconfig */,
			);
			path = Pods;
			sourceTree = "<group>";
		};
/* End PBXGroup section */

/* Begin PBXNativeTarget section */
		A9B4575429FEA8070069432E /* Unhindered Steps */ = {
			isa = PBXNativeTarget;
			buildConfigurationList = A9B4576929FEA8080069432E /* Build configuration list for PBXNativeTarget "Unhindered Steps" */;
			buildPhases = (
				C950BCFB2406C32B1CAE502A /* [CP] Check Pods Manifest.lock */,
				A9B4575129FEA8070069432E /* Sources */,
				A9B4575229FEA8070069432E /* Frameworks */,
				A9B4575329FEA8070069432E /* Resources */,
				2DD03EB7FB212C7244CE5BC0 /* [CP] Embed Pods Frameworks */,
				A9BEEBE32ACC882B0074A3C5 /* Swiftlint */,
				A9BEEBE42ACC893F0074A3C5 /* ShellScript */,
			);
			buildRules = (
			);
			dependencies = (
			);
			name = "Unhindered Steps";
			productName = "Unhindered Steps";
			productReference = A9B4575529FEA8070069432E /* Unhindered Steps.app */;
			productType = "com.apple.product-type.application";
		};
/* End PBXNativeTarget section */

/* Begin PBXProject section */
		A9B4574D29FEA8070069432E /* Project object */ = {
			isa = PBXProject;
			attributes = {
				BuildIndependentTargetsInParallel = 1;
				LastSwiftUpdateCheck = 1430;
				LastUpgradeCheck = 1430;
				TargetAttributes = {
					A9B4575429FEA8070069432E = {
						CreatedOnToolsVersion = 14.3;
					};
				};
			};
			buildConfigurationList = A9B4575029FEA8070069432E /* Build configuration list for PBXProject "Unhindered Steps" */;
			compatibilityVersion = "Xcode 14.0";
			developmentRegion = en;
			hasScannedForEncodings = 0;
			knownRegions = (
				en,
				Base,
			);
			mainGroup = A9B4574C29FEA8070069432E;
			productRefGroup = A9B4575629FEA8070069432E /* Products */;
			projectDirPath = "";
			projectRoot = "";
			targets = (
				A9B4575429FEA8070069432E /* Unhindered Steps */,
			);
		};
/* End PBXProject section */

/* Begin PBXResourcesBuildPhase section */
		A9B4575329FEA8070069432E /* Resources */ = {
			isa = PBXResourcesBuildPhase;
			buildActionMask = 2147483647;
			files = (
				A9BEEBE62ACC90D30074A3C5 /* .swiftlint.yml in Resources */,
				A9B4576529FEA8080069432E /* LaunchScreen.storyboard in Resources */,
				A9B4576229FEA8080069432E /* Assets.xcassets in Resources */,
				A9B4576029FEA8070069432E /* Main.storyboard in Resources */,
			);
			runOnlyForDeploymentPostprocessing = 0;
		};
/* End PBXResourcesBuildPhase section */

/* Begin PBXShellScriptBuildPhase section */
		2DD03EB7FB212C7244CE5BC0 /* [CP] Embed Pods Frameworks */ = {
			isa = PBXShellScriptBuildPhase;
			buildActionMask = 2147483647;
			files = (
			);
			inputFileListPaths = (
				"${PODS_ROOT}/Target Support Files/Pods-Unhindered Steps/Pods-Unhindered Steps-frameworks-${CONFIGURATION}-input-files.xcfilelist",
			);
			name = "[CP] Embed Pods Frameworks";
			outputFileListPaths = (
				"${PODS_ROOT}/Target Support Files/Pods-Unhindered Steps/Pods-Unhindered Steps-frameworks-${CONFIGURATION}-output-files.xcfilelist",
			);
			runOnlyForDeploymentPostprocessing = 0;
			shellPath = /bin/sh;
			shellScript = "\"${PODS_ROOT}/Target Support Files/Pods-Unhindered Steps/Pods-Unhindered Steps-frameworks.sh\"\n";
			showEnvVarsInLog = 0;
		};
		A9BEEBE32ACC882B0074A3C5 /* Swiftlint */ = {
			isa = PBXShellScriptBuildPhase;
			alwaysOutOfDate = 1;
			buildActionMask = 2147483647;
			files = (
			);
			inputFileListPaths = (
			);
			inputPaths = (
			);
			name = Swiftlint;
			outputFileListPaths = (
			);
			outputPaths = (
			);
			runOnlyForDeploymentPostprocessing = 0;
			shellPath = /bin/sh;
			shellScript = "if [[ \"$(uname -m)\" == arm64 ]]; then\n    export PATH=\"/opt/homebrew/bin:$PATH\"\nfi\n\nif which swiftlint > /dev/null; then\n  swiftlint\nelse\n  echo \"warning: SwiftLint not installed, download from https://github.com/realm/SwiftLint\"\nfi\n";
		};
		A9BEEBE42ACC893F0074A3C5 /* ShellScript */ = {
			isa = PBXShellScriptBuildPhase;
			alwaysOutOfDate = 1;
			buildActionMask = 2147483647;
			files = (
			);
			inputFileListPaths = (
			);
			inputPaths = (
			);
			outputFileListPaths = (
			);
			outputPaths = (
			);
			runOnlyForDeploymentPostprocessing = 0;
			shellPath = /bin/sh;
			shellScript = "if [[ \"$(uname -m)\" == arm64 ]]; then\n    export PATH=\"/opt/homebrew/bin:$PATH\"\nfi\n\nif which swiftformat > /dev/null; then\n  swiftformat .\nelse\n  echo \"warning: SwiftFormat not installed, download from https://github.com/nicklockwood/SwiftFormat\"\nfi\n";
		};
		C950BCFB2406C32B1CAE502A /* [CP] Check Pods Manifest.lock */ = {
			isa = PBXShellScriptBuildPhase;
			buildActionMask = 2147483647;
			files = (
			);
			inputFileListPaths = (
			);
			inputPaths = (
				"${PODS_PODFILE_DIR_PATH}/Podfile.lock",
				"${PODS_ROOT}/Manifest.lock",
			);
			name = "[CP] Check Pods Manifest.lock";
			outputFileListPaths = (
			);
			outputPaths = (
				"$(DERIVED_FILE_DIR)/Pods-Unhindered Steps-checkManifestLockResult.txt",
			);
			runOnlyForDeploymentPostprocessing = 0;
			shellPath = /bin/sh;
			shellScript = "diff \"${PODS_PODFILE_DIR_PATH}/Podfile.lock\" \"${PODS_ROOT}/Manifest.lock\" > /dev/null\nif [ $? != 0 ] ; then\n    # print error to STDERR\n    echo \"error: The sandbox is not in sync with the Podfile.lock. Run 'pod install' or update your CocoaPods installation.\" >&2\n    exit 1\nfi\n# This output is used by Xcode 'outputs' to avoid re-running this script phase.\necho \"SUCCESS\" > \"${SCRIPT_OUTPUT_FILE_0}\"\n";
			showEnvVarsInLog = 0;
		};
/* End PBXShellScriptBuildPhase section */

/* Begin PBXSourcesBuildPhase section */
		A9B4575129FEA8070069432E /* Sources */ = {
			isa = PBXSourcesBuildPhase;
			buildActionMask = 2147483647;
			files = (
				A9BEEBEC2ACC982B0074A3C5 /* NetworkManagerProtocols.swift in Sources */,
				A9BEEBE92ACC92500074A3C5 /* NetworkManager.swift in Sources */,
				A9B4577929FEA9230069432E /* ProfileViewController.swift in Sources */,
				A9B4578129FEA9B60069432E /* RegisterViewController.swift in Sources */,
				A9B4578C2A0151BB0069432E /* ProfileDataStruct.swift in Sources */,
				A9B4577329FEA8ED0069432E /* LoginViewController.swift in Sources */,
				A9B4575D29FEA8070069432E /* ViewController.swift in Sources */,
				A909BB712A2CF82D002EBD62 /* Cell.swift in Sources */,
				A961B3AB2A180EC70081A824 /* MailResponse.swift in Sources */,
				A9C2B70A2A35D06000EEF6EE /* PopularResponse.swift in Sources */,
				A9B4578329FEA9D60069432E /* RegisterViewModel.swift in Sources */,
				A9BC80AE2A08EA8300260237 /* LoginResponse.swift in Sources */,
				A961B3932A1576C70081A824 /* FetchFavoritesResponse.swift in Sources */,
				A92AB27E2A024FD5000CFF29 /* NetworkHelpers.swift in Sources */,
				A9A596102A1D082600694785 /* UpdateHelperViewController.swift in Sources */,
				A9B4575929FEA8070069432E /* AppDelegate.swift in Sources */,
				A92AB27A2A01B8AC000CFF29 /* DetailViewController.swift in Sources */,
				A961B3992A15776A0081A824 /* AddQueryResponse.swift in Sources */,
				A9C2B7062A35CF8300EEF6EE /* UpdateUserResponse.swift in Sources */,
				A9B4578A2A0146940069432E /* UserHabitsCollectionViewCell.swift in Sources */,
				A9B4577729FEA9110069432E /* MapViewController.swift in Sources */,
				A92AB27C2A024F6E000CFF29 /* CoreNettworkManager.swift in Sources */,
				A9B4578F2A0154BC0069432E /* MainTabbar.swift in Sources */,
				A9B4575B29FEA8070069432E /* SceneDelegate.swift in Sources */,
				A961B3952A1576FD0081A824 /* FetchQueryResponse.swift in Sources */,
				A961B3A12A17A81D0081A824 /* UserModel.swift in Sources */,
				A91E66512A1E0DCC0077D8FD /* UpdateUserViewController.swift in Sources */,
				A961B39F2A17A7E10081A824 /* CoreDataManager.swift in Sources */,
				A9B4578729FEBB5F0069432E /* LocationManager.swift in Sources */,
				A961B3972A15772C0081A824 /* AddFavoriteResponse.swift in Sources */,
				A9C2B7082A35CFF600EEF6EE /* UpdateHelperResponse.swift in Sources */,
				A9B4577B29FEA94A0069432E /* ProfileViewModel.swift in Sources */,
				A961B39B2A1577FF0081A824 /* RegisterResponse.swift in Sources */,
				A961B3A72A17AB120081A824 /* User.xcdatamodeld in Sources */,
				A961B3A92A17B27C0081A824 /* HasLoggedIn.swift in Sources */,
				A9B4577D29FEA95B0069432E /* MapViewModel.swift in Sources */,
				A9B4577F29FEA9700069432E /* LoginViewModel.swift in Sources */,
			);
			runOnlyForDeploymentPostprocessing = 0;
		};
/* End PBXSourcesBuildPhase section */

/* Begin PBXVariantGroup section */
		A9B4575E29FEA8070069432E /* Main.storyboard */ = {
			isa = PBXVariantGroup;
			children = (
				A9B4575F29FEA8070069432E /* Base */,
			);
			name = Main.storyboard;
			sourceTree = "<group>";
		};
		A9B4576329FEA8080069432E /* LaunchScreen.storyboard */ = {
			isa = PBXVariantGroup;
			children = (
				A9B4576429FEA8080069432E /* Base */,
			);
			name = LaunchScreen.storyboard;
			sourceTree = "<group>";
		};
/* End PBXVariantGroup section */

/* Begin XCBuildConfiguration section */
		A9B4576729FEA8080069432E /* Debug */ = {
			isa = XCBuildConfiguration;
			buildSettings = {
				ALWAYS_SEARCH_USER_PATHS = NO;
				CLANG_ANALYZER_NONNULL = YES;
				CLANG_ANALYZER_NUMBER_OBJECT_CONVERSION = YES_AGGRESSIVE;
				CLANG_CXX_LANGUAGE_STANDARD = "gnu++20";
				CLANG_ENABLE_MODULES = YES;
				CLANG_ENABLE_OBJC_ARC = YES;
				CLANG_ENABLE_OBJC_WEAK = YES;
				CLANG_WARN_BLOCK_CAPTURE_AUTORELEASING = YES;
				CLANG_WARN_BOOL_CONVERSION = YES;
				CLANG_WARN_COMMA = YES;
				CLANG_WARN_CONSTANT_CONVERSION = YES;
				CLANG_WARN_DEPRECATED_OBJC_IMPLEMENTATIONS = YES;
				CLANG_WARN_DIRECT_OBJC_ISA_USAGE = YES_ERROR;
				CLANG_WARN_DOCUMENTATION_COMMENTS = YES;
				CLANG_WARN_EMPTY_BODY = YES;
				CLANG_WARN_ENUM_CONVERSION = YES;
				CLANG_WARN_INFINITE_RECURSION = YES;
				CLANG_WARN_INT_CONVERSION = YES;
				CLANG_WARN_NON_LITERAL_NULL_CONVERSION = YES;
				CLANG_WARN_OBJC_IMPLICIT_RETAIN_SELF = YES;
				CLANG_WARN_OBJC_LITERAL_CONVERSION = YES;
				CLANG_WARN_OBJC_ROOT_CLASS = YES_ERROR;
				CLANG_WARN_QUOTED_INCLUDE_IN_FRAMEWORK_HEADER = YES;
				CLANG_WARN_RANGE_LOOP_ANALYSIS = YES;
				CLANG_WARN_STRICT_PROTOTYPES = YES;
				CLANG_WARN_SUSPICIOUS_MOVE = YES;
				CLANG_WARN_UNGUARDED_AVAILABILITY = YES_AGGRESSIVE;
				CLANG_WARN_UNREACHABLE_CODE = YES;
				CLANG_WARN__DUPLICATE_METHOD_MATCH = YES;
				COPY_PHASE_STRIP = NO;
				DEBUG_INFORMATION_FORMAT = dwarf;
				ENABLE_STRICT_OBJC_MSGSEND = YES;
				ENABLE_TESTABILITY = YES;
				GCC_C_LANGUAGE_STANDARD = gnu11;
				GCC_DYNAMIC_NO_PIC = NO;
				GCC_NO_COMMON_BLOCKS = YES;
				GCC_OPTIMIZATION_LEVEL = 0;
				GCC_PREPROCESSOR_DEFINITIONS = (
					"DEBUG=1",
					"$(inherited)",
				);
				GCC_WARN_64_TO_32_BIT_CONVERSION = YES;
				GCC_WARN_ABOUT_RETURN_TYPE = YES_ERROR;
				GCC_WARN_UNDECLARED_SELECTOR = YES;
				GCC_WARN_UNINITIALIZED_AUTOS = YES_AGGRESSIVE;
				GCC_WARN_UNUSED_FUNCTION = YES;
				GCC_WARN_UNUSED_VARIABLE = YES;
				IPHONEOS_DEPLOYMENT_TARGET = 16.4;
				MTL_ENABLE_DEBUG_INFO = INCLUDE_SOURCE;
				MTL_FAST_MATH = YES;
				ONLY_ACTIVE_ARCH = YES;
				SDKROOT = iphoneos;
				SWIFT_ACTIVE_COMPILATION_CONDITIONS = DEBUG;
				SWIFT_OPTIMIZATION_LEVEL = "-Onone";
			};
			name = Debug;
		};
		A9B4576829FEA8080069432E /* Release */ = {
			isa = XCBuildConfiguration;
			buildSettings = {
				ALWAYS_SEARCH_USER_PATHS = NO;
				CLANG_ANALYZER_NONNULL = YES;
				CLANG_ANALYZER_NUMBER_OBJECT_CONVERSION = YES_AGGRESSIVE;
				CLANG_CXX_LANGUAGE_STANDARD = "gnu++20";
				CLANG_ENABLE_MODULES = YES;
				CLANG_ENABLE_OBJC_ARC = YES;
				CLANG_ENABLE_OBJC_WEAK = YES;
				CLANG_WARN_BLOCK_CAPTURE_AUTORELEASING = YES;
				CLANG_WARN_BOOL_CONVERSION = YES;
				CLANG_WARN_COMMA = YES;
				CLANG_WARN_CONSTANT_CONVERSION = YES;
				CLANG_WARN_DEPRECATED_OBJC_IMPLEMENTATIONS = YES;
				CLANG_WARN_DIRECT_OBJC_ISA_USAGE = YES_ERROR;
				CLANG_WARN_DOCUMENTATION_COMMENTS = YES;
				CLANG_WARN_EMPTY_BODY = YES;
				CLANG_WARN_ENUM_CONVERSION = YES;
				CLANG_WARN_INFINITE_RECURSION = YES;
				CLANG_WARN_INT_CONVERSION = YES;
				CLANG_WARN_NON_LITERAL_NULL_CONVERSION = YES;
				CLANG_WARN_OBJC_IMPLICIT_RETAIN_SELF = YES;
				CLANG_WARN_OBJC_LITERAL_CONVERSION = YES;
				CLANG_WARN_OBJC_ROOT_CLASS = YES_ERROR;
				CLANG_WARN_QUOTED_INCLUDE_IN_FRAMEWORK_HEADER = YES;
				CLANG_WARN_RANGE_LOOP_ANALYSIS = YES;
				CLANG_WARN_STRICT_PROTOTYPES = YES;
				CLANG_WARN_SUSPICIOUS_MOVE = YES;
				CLANG_WARN_UNGUARDED_AVAILABILITY = YES_AGGRESSIVE;
				CLANG_WARN_UNREACHABLE_CODE = YES;
				CLANG_WARN__DUPLICATE_METHOD_MATCH = YES;
				COPY_PHASE_STRIP = NO;
				DEBUG_INFORMATION_FORMAT = "dwarf-with-dsym";
				ENABLE_NS_ASSERTIONS = NO;
				ENABLE_STRICT_OBJC_MSGSEND = YES;
				GCC_C_LANGUAGE_STANDARD = gnu11;
				GCC_NO_COMMON_BLOCKS = YES;
				GCC_WARN_64_TO_32_BIT_CONVERSION = YES;
				GCC_WARN_ABOUT_RETURN_TYPE = YES_ERROR;
				GCC_WARN_UNDECLARED_SELECTOR = YES;
				GCC_WARN_UNINITIALIZED_AUTOS = YES_AGGRESSIVE;
				GCC_WARN_UNUSED_FUNCTION = YES;
				GCC_WARN_UNUSED_VARIABLE = YES;
				IPHONEOS_DEPLOYMENT_TARGET = 16.4;
				MTL_ENABLE_DEBUG_INFO = NO;
				MTL_FAST_MATH = YES;
				SDKROOT = iphoneos;
				SWIFT_COMPILATION_MODE = wholemodule;
				SWIFT_OPTIMIZATION_LEVEL = "-O";
				VALIDATE_PRODUCT = YES;
			};
			name = Release;
		};
		A9B4576A29FEA8080069432E /* Debug */ = {
			isa = XCBuildConfiguration;
			baseConfigurationReference = DCF3C275A5220225F465007C /* Pods-Unhindered Steps.debug.xcconfig */;
			buildSettings = {
				ASSETCATALOG_COMPILER_APPICON_NAME = AppIcon;
				ASSETCATALOG_COMPILER_GLOBAL_ACCENT_COLOR_NAME = AccentColor;
				CODE_SIGN_STYLE = Automatic;
				CURRENT_PROJECT_VERSION = 1;
				DEVELOPMENT_TEAM = 2MZZ36MSKF;
				GENERATE_INFOPLIST_FILE = YES;
				INFOPLIST_FILE = "Unhindered Steps/Info.plist";
				INFOPLIST_KEY_UIApplicationSupportsIndirectInputEvents = YES;
				INFOPLIST_KEY_UILaunchStoryboardName = LaunchScreen;
				INFOPLIST_KEY_UIMainStoryboardFile = Main;
				INFOPLIST_KEY_UISupportedInterfaceOrientations_iPad = "UIInterfaceOrientationPortrait UIInterfaceOrientationPortraitUpsideDown UIInterfaceOrientationLandscapeLeft UIInterfaceOrientationLandscapeRight";
				INFOPLIST_KEY_UISupportedInterfaceOrientations_iPhone = "UIInterfaceOrientationPortrait UIInterfaceOrientationLandscapeLeft UIInterfaceOrientationLandscapeRight";
				IPHONEOS_DEPLOYMENT_TARGET = 15.0;
				LD_RUNPATH_SEARCH_PATHS = (
					"$(inherited)",
					"@executable_path/Frameworks",
				);
				MARKETING_VERSION = 1.0;
				PRODUCT_BUNDLE_IDENTIFIER = "com.emincanantalyali.Unhindered-Steps";
				PRODUCT_NAME = "$(TARGET_NAME)";
				SWIFT_EMIT_LOC_STRINGS = YES;
				SWIFT_VERSION = 5.0;
				TARGETED_DEVICE_FAMILY = "1,2";
			};
			name = Debug;
		};
		A9B4576B29FEA8080069432E /* Release */ = {
			isa = XCBuildConfiguration;
			baseConfigurationReference = A64F02E399A433F4A81BBDB7 /* Pods-Unhindered Steps.release.xcconfig */;
			buildSettings = {
				ASSETCATALOG_COMPILER_APPICON_NAME = AppIcon;
				ASSETCATALOG_COMPILER_GLOBAL_ACCENT_COLOR_NAME = AccentColor;
				CODE_SIGN_STYLE = Automatic;
				CURRENT_PROJECT_VERSION = 1;
				DEVELOPMENT_TEAM = 2MZZ36MSKF;
				GENERATE_INFOPLIST_FILE = YES;
				INFOPLIST_FILE = "Unhindered Steps/Info.plist";
				INFOPLIST_KEY_UIApplicationSupportsIndirectInputEvents = YES;
				INFOPLIST_KEY_UILaunchStoryboardName = LaunchScreen;
				INFOPLIST_KEY_UIMainStoryboardFile = Main;
				INFOPLIST_KEY_UISupportedInterfaceOrientations_iPad = "UIInterfaceOrientationPortrait UIInterfaceOrientationPortraitUpsideDown UIInterfaceOrientationLandscapeLeft UIInterfaceOrientationLandscapeRight";
				INFOPLIST_KEY_UISupportedInterfaceOrientations_iPhone = "UIInterfaceOrientationPortrait UIInterfaceOrientationLandscapeLeft UIInterfaceOrientationLandscapeRight";
				IPHONEOS_DEPLOYMENT_TARGET = 15.0;
				LD_RUNPATH_SEARCH_PATHS = (
					"$(inherited)",
					"@executable_path/Frameworks",
				);
				MARKETING_VERSION = 1.0;
				PRODUCT_BUNDLE_IDENTIFIER = "com.emincanantalyali.Unhindered-Steps";
				PRODUCT_NAME = "$(TARGET_NAME)";
				SWIFT_EMIT_LOC_STRINGS = YES;
				SWIFT_VERSION = 5.0;
				TARGETED_DEVICE_FAMILY = "1,2";
			};
			name = Release;
		};
/* End XCBuildConfiguration section */

/* Begin XCConfigurationList section */
		A9B4575029FEA8070069432E /* Build configuration list for PBXProject "Unhindered Steps" */ = {
			isa = XCConfigurationList;
			buildConfigurations = (
				A9B4576729FEA8080069432E /* Debug */,
				A9B4576829FEA8080069432E /* Release */,
			);
			defaultConfigurationIsVisible = 0;
			defaultConfigurationName = Release;
		};
		A9B4576929FEA8080069432E /* Build configuration list for PBXNativeTarget "Unhindered Steps" */ = {
			isa = XCConfigurationList;
			buildConfigurations = (
				A9B4576A29FEA8080069432E /* Debug */,
				A9B4576B29FEA8080069432E /* Release */,
			);
			defaultConfigurationIsVisible = 0;
			defaultConfigurationName = Release;
		};
/* End XCConfigurationList section */

/* Begin XCVersionGroup section */
		A961B3A52A17AB120081A824 /* User.xcdatamodeld */ = {
			isa = XCVersionGroup;
			children = (
				A961B3A62A17AB120081A824 /* User.xcdatamodel */,
			);
			currentVersion = A961B3A62A17AB120081A824 /* User.xcdatamodel */;
			path = User.xcdatamodeld;
			sourceTree = "<group>";
			versionGroupType = wrapper.xcdatamodel;
		};
/* End XCVersionGroup section */
	};
	rootObject = A9B4574D29FEA8070069432E /* Project object */;
}
